
Microsoft Visual Studio Solution File, Format Version 12.00
# Visual Studio Version 16
VisualStudioVersion = 16.0.29215.179
MinimumVisualStudioVersion = 10.0.40219.1
Project("{FAE04EC0-301F-11D3-BF4B-00C04F79EFBC}") = "RockPaperScissorsProject", "RockPaperScissorsProject\RockPaperScissorsProject.csproj", "{D1904C4C-8A62-4CAF-BF4E-EE6980CCC68D}"
EndProject
Global
	GlobalSection(SolutionConfigurationPlatforms) = preSolution
		Debug|Any CPU = Debug|Any CPU
		Release|Any CPU = Release|Any CPU
	EndGlobalSection
	GlobalSection(ProjectConfigurationPlatforms) = postSolution
		{D1904C4C-8A62-4CAF-BF4E-EE6980CCC68D}.Debug|Any CPU.ActiveCfg = Debug|Any CPU
		{D1904C4C-8A62-4CAF-BF4E-EE6980CCC68D}.Debug|Any CPU.Build.0 = Debug|Any CPU
		{D1904C4C-8A62-4CAF-BF4E-EE6980CCC68D}.Release|Any CPU.ActiveCfg = Release|Any CPU
		{D1904C4C-8A62-4CAF-BF4E-EE6980CCC68D}.Release|Any CPU.Build.0 = Release|Any CPU
	EndGlobalSection
	GlobalSection(SolutionProperties) = preSolution
		HideSolutionNode = FALSE
	EndGlobalSection
	GlobalSection(ExtensibilityGlobals) = postSolution
		SolutionGuid = {16305267-0FA7-4FD4-9059-54277DED2FEF}
	EndGlobalSection
EndGlobal
